{
  "requires": true,
  "lockfileVersion": 1,
  "dependencies": {
    "file-saver": {
      "version": "2.0.2",
      "resolved": "https://registry.npmjs.org/file-saver/-/file-saver-2.0.2.tgz",
      "integrity": "sha512-Wz3c3XQ5xroCxd1G8b7yL0Ehkf0TC9oYC6buPFkNnU9EnaPlifeAFCyCh+iewXTyFRcg0a6j3J7FmJsIhlhBdw=="
    },
    "nanoid": {
      "version": "2.1.11",
      "resolved": "https://registry.npmjs.org/nanoid/-/nanoid-2.1.11.tgz",
      "integrity": "sha512-s/snB+WGm6uwi0WjsZdaVcuf3KJXlfGl2LcxgwkEwJF0D/BWzVWAZW/XY4bFaiR7s0Jk3FPvlnepg1H1b1UwlA=="
    },
    "shortid": {
      "version": "2.2.15",
      "resolved": "https://registry.npmjs.org/shortid/-/shortid-2.2.15.tgz",
      "integrity": "sha512-5EaCy2mx2Jgc/Fdn9uuDuNIIfWBpzY4XIlhoqtXF6qsf+/+SGZ+FxDdX/ZsMZiWupIWNqAEmiNY4RC+LSmCeOw==",
      "requires": {
        "nanoid": "^2.1.0"
      }
    }
  }
}
