{
  "requires": true,
  "lockfileVersion": 1,
  "dependencies": {
    "any-base": {
      "version": "1.1.0",
      "resolved": "https://registry.npmjs.org/any-base/-/any-base-1.1.0.tgz",
      "integrity": "sha512-uMgjozySS8adZZYePpaWs8cxB9/kdzmpX6SgJZ+wbz1K5eYk5QMYDVJaZKhxyIHUdnnJkfR7SVgStgH7LkGUyg=="
    },
    "file-saver": {
      "version": "2.0.2",
      "resolved": "https://registry.npmjs.org/file-saver/-/file-saver-2.0.2.tgz",
      "integrity": "sha512-Wz3c3XQ5xroCxd1G8b7yL0Ehkf0TC9oYC6buPFkNnU9EnaPlifeAFCyCh+iewXTyFRcg0a6j3J7FmJsIhlhBdw=="
    },
    "filesaver": {
      "version": "0.0.13",
      "resolved": "https://registry.npmjs.org/filesaver/-/filesaver-0.0.13.tgz",
      "integrity": "sha1-+psqwTcdQ2/l7ckoXtmY0eJ4K+4=",
      "requires": {
        "mkdirp": "^0.5.0",
        "safename": "0.0.4"
      }
    },
    "minimist": {
      "version": "1.2.5",
      "resolved": "https://registry.npmjs.org/minimist/-/minimist-1.2.5.tgz",
      "integrity": "sha512-FM9nNUYrRBAELZQT3xeZQ7fmMOBg6nWNmJKTcgsJeaLstP/UODVpGsr5OhXhhXg6f+qtJ8uiZ+PUxkDWcgIXLw=="
    },
    "mkdirp": {
      "version": "0.5.5",
      "resolved": "https://registry.npmjs.org/mkdirp/-/mkdirp-0.5.5.tgz",
      "integrity": "sha512-NKmAlESf6jMGym1++R0Ra7wvhV+wFW63FaSOFPwRahvea0gMUcGUhVeAg/0BC0wiv9ih5NYPB1Wn1UEI1/L+xQ==",
      "requires": {
        "minimist": "^1.2.5"
      }
    },
    "nanoid": {
      "version": "2.1.11",
      "resolved": "https://registry.npmjs.org/nanoid/-/nanoid-2.1.11.tgz",
      "integrity": "sha512-s/snB+WGm6uwi0WjsZdaVcuf3KJXlfGl2LcxgwkEwJF0D/BWzVWAZW/XY4bFaiR7s0Jk3FPvlnepg1H1b1UwlA=="
    },
    "nodemailer": {
      "version": "6.4.13",
      "resolved": "https://registry.npmjs.org/nodemailer/-/nodemailer-6.4.13.tgz",
      "integrity": "sha512-XmtiiKza2Cqtr+ZRMchMZn9s2nmwQDeakbf+yL0ODsIXOv58UZgk/MKPOkDKqY+mvxHs87PrJK7Nf/tcpKHqYQ=="
    },
    "safename": {
      "version": "0.0.4",
      "resolved": "https://registry.npmjs.org/safename/-/safename-0.0.4.tgz",
      "integrity": "sha1-uCw7bbcNlDoFgvkFL7+/67tYmvU="
    },
    "short-uuid": {
      "version": "4.1.0",
      "resolved": "https://registry.npmjs.org/short-uuid/-/short-uuid-4.1.0.tgz",
      "integrity": "sha512-Zjerp00N5uUC7ET1mEjz77vY9h5zm6IQivtHxcbnoSIWyK6PD/dQnU5w916F8lzQIJjxBTEbCKsAikE64WxUxQ==",
      "requires": {
        "any-base": "^1.1.0",
        "uuid": "^8.3.0"
      }
    },
    "shortid": {
      "version": "2.2.15",
      "resolved": "https://registry.npmjs.org/shortid/-/shortid-2.2.15.tgz",
      "integrity": "sha512-5EaCy2mx2Jgc/Fdn9uuDuNIIfWBpzY4XIlhoqtXF6qsf+/+SGZ+FxDdX/ZsMZiWupIWNqAEmiNY4RC+LSmCeOw==",
      "requires": {
        "nanoid": "^2.1.0"
      }
    },
    "uniq": {
      "version": "1.0.1",
      "resolved": "https://registry.npmjs.org/uniq/-/uniq-1.0.1.tgz",
      "integrity": "sha1-sxxa6CVIRKOoKBVBzisEuGWnNP8="
    },
    "uuid": {
      "version": "8.3.1",
      "resolved": "https://registry.npmjs.org/uuid/-/uuid-8.3.1.tgz",
      "integrity": "sha512-FOmRr+FmWEIG8uhZv6C2bTgEVXsHk08kE7mPlrBbEe+c3r9pjceVPgupIfNIhc4yx55H69OXANrUaSuu9eInKg=="
    }
  }
}
